{
  "name": "user",
  "version": "1.0.0",
  "lockfileVersion": 1,
  "requires": true,
  "dependencies": {
    "async": {
      "version": "1.2.1",
      "resolved": "https://registry.npmjs.org/async/-/async-1.2.1.tgz",
      "integrity": "sha1-pIFqF81f9RbfosdpikUzabl5DeA="
    },
    "console-polyfill": {
      "version": "0.3.0",
      "resolved": "https://registry.npmjs.org/console-polyfill/-/console-polyfill-0.3.0.tgz",
      "integrity": "sha512-w+JSDZS7XML43Xnwo2x5O5vxB0ID7T5BdqDtyqT6uiCAX2kZAgcWxNaGqT97tZfSHzfOcvrfsDAodKcJ3UvnXQ=="
    },
    "decache": {
      "version": "3.1.0",
      "resolved": "https://registry.npmjs.org/decache/-/decache-3.1.0.tgz",
      "integrity": "sha1-T1A2+9ZYH8yXI3rDlUokS5U2wto=",
      "optional": true,
      "requires": {
        "find": "^0.2.4"
      }
    },
    "error-stack-parser": {
      "version": "2.0.6",
      "resolved": "https://registry.npmjs.org/error-stack-parser/-/error-stack-parser-2.0.6.tgz",
      "integrity": "sha512-d51brTeqC+BHlwF0BhPtcYgF5nlzf9ZZ0ZIUQNZpc9ZB9qw5IJ2diTrBY9jlCJkTLITYPjmiX6OWCwH+fuyNgQ==",
      "requires": {
        "stackframe": "^1.1.1"
      }
    },
    "find": {
      "version": "0.2.9",
      "resolved": "https://registry.npmjs.org/find/-/find-0.2.9.tgz",
      "integrity": "sha1-S3Px/55WrZG3bnFkB/5f/mVUu4w=",
      "optional": true,
      "requires": {
        "traverse-chain": "~0.1.0"
      }
    },
    "icecreambar": {
      "version": "5.0.1",
      "resolved": "https://registry.npmjs.org/icecreambar/-/icecreambar-5.0.1.tgz",
      "integrity": "sha512-UA8UERwfKZee1TvZwG22BKkkMKEaAV1K79jf0mmhxScXKjz5wjAETNQBd34ryYvlH28ZoIIas6nIVoWcgIV/lQ==",
      "requires": {
        "rollbar": "^2.3.2"
      }
    },
    "is_js": {
      "version": "0.9.0",
      "resolved": "https://registry.npmjs.org/is_js/-/is_js-0.9.0.tgz",
      "integrity": "sha1-CrlFQFArp6+iTIVqqYVWFmnpxS0="
    },
    "json-stringify-safe": {
      "version": "5.0.1",
      "resolved": "https://registry.npmjs.org/json-stringify-safe/-/json-stringify-safe-5.0.1.tgz",
      "integrity": "sha1-Epai1Y/UXxmg9s4B1lcB4sc1tus="
    },
    "lib": {
      "version": "file:../lib",
      "requires": {
        "milk": "1.2.0",
        "printf": "^0.6.1"
      },
      "dependencies": {
        "coffee-script": {
          "version": "1.12.7",
          "resolved": "https://registry.npmjs.org/coffee-script/-/coffee-script-1.12.7.tgz",
          "integrity": "sha512-fLeEhqwymYat/MpTPUjSKHVYYl0ec2mOyALEMLmzr5i1isuG+6jfI2j2d5oBO3VIzgUXgBVIcOT9uH1TFxBckw=="
        },
        "milk": {
          "version": "1.2.0",
          "resolved": "https://registry.npmjs.org/milk/-/milk-1.2.0.tgz",
          "integrity": "sha1-RzEtjGlIhRX/H9yT7uiB477F8r4=",
          "requires": {
            "coffee-script": "0.9.6 || >=1.0.0"
          }
        },
        "printf": {
          "version": "0.6.1",
          "resolved": "https://registry.npmjs.org/printf/-/printf-0.6.1.tgz",
          "integrity": "sha512-is0ctgGdPJ5951KulgfzvHGwJtZ5ck8l042vRkV6jrkpBzTmb/lueTqguWHy2JfVA+RY6gFVlaZgUS0j7S/dsw=="
        }
      }
    },
    "lru-cache": {
      "version": "2.2.4",
      "resolved": "https://registry.npmjs.org/lru-cache/-/lru-cache-2.2.4.tgz",
      "integrity": "sha1-bGWGGb7PFAMdDQtZSxYELOTcBj0="
    },
    "request-ip": {
      "version": "2.0.2",
      "resolved": "https://registry.npmjs.org/request-ip/-/request-ip-2.0.2.tgz",
      "integrity": "sha1-3urm1K8hdoSX24zQX6NxQ/jxJX4=",
      "requires": {
        "is_js": "^0.9.0"
      }
    },
    "rollbar": {
      "version": "2.22.0",
      "resolved": "https://registry.npmjs.org/rollbar/-/rollbar-2.22.0.tgz",
      "integrity": "sha512-fMTKtzSnoE2ODnMAqzH/Soocb/o7Qy7U5tdRjzljKoz1vMRKkMYbW7E0s0Qraoo3xaTzd5UxDNP3c8jmrlWgug==",
      "requires": {
        "async": "~1.2.1",
        "console-polyfill": "0.3.0",
        "decache": "^3.0.5",
        "error-stack-parser": "^2.0.4",
        "json-stringify-safe": "~5.0.0",
        "lru-cache": "~2.2.1",
        "request-ip": "~2.0.1",
        "source-map": "^0.5.7",
        "uuid": "3.0.x"
      }
    },
    "source-map": {
      "version": "0.5.7",
      "resolved": "https://registry.npmjs.org/source-map/-/source-map-0.5.7.tgz",
      "integrity": "sha1-igOdLRAh0i0eoUyA2OpGi6LvP8w="
    },
    "stackframe": {
      "version": "1.2.0",
      "resolved": "https://registry.npmjs.org/stackframe/-/stackframe-1.2.0.tgz",
      "integrity": "sha512-GrdeshiRmS1YLMYgzF16olf2jJ/IzxXY9lhKOskuVziubpTYcYqyOwYeJKzQkwy7uN0fYSsbsC4RQaXf9LCrYA=="
    },
    "traverse-chain": {
      "version": "0.1.0",
      "resolved": "https://registry.npmjs.org/traverse-chain/-/traverse-chain-0.1.0.tgz",
      "integrity": "sha1-YdvC1Ttp/2CRoSoWj9fUMxB+QPE=",
      "optional": true
    },
    "uuid": {
      "version": "3.0.1",
      "resolved": "https://registry.npmjs.org/uuid/-/uuid-3.0.1.tgz",
      "integrity": "sha1-ZUS7ot/ajBzxfmKaOjBeK7H+5sE="
    }
  }
}
